
Microsoft Visual Studio Solution File, Format Version 12.00
# Visual Studio Version 16
VisualStudioVersion = 16.0.31005.135
MinimumVisualStudioVersion = 10.0.40219.1
Project("{FAE04EC0-301F-11D3-BF4B-00C04F79EFBC}") = "GeminiTrader", "GeminiTrader.csproj", "{4912BCA5-E258-4529-ABAF-A7A69E642B8C}"
EndProject
Global
	GlobalSection(SolutionConfigurationPlatforms) = preSolution
		Debug|Any CPU = Debug|Any CPU
		Release|Any CPU = Release|Any CPU
	EndGlobalSection
	GlobalSection(ProjectConfigurationPlatforms) = postSolution
		{4912BCA5-E258-4529-ABAF-A7A69E642B8C}.Debug|Any CPU.ActiveCfg = Debug|Any CPU
		{4912BCA5-E258-4529-ABAF-A7A69E642B8C}.Debug|Any CPU.Build.0 = Debug|Any CPU
		{4912BCA5-E258-4529-ABAF-A7A69E642B8C}.Release|Any CPU.ActiveCfg = Release|Any CPU
		{4912BCA5-E258-4529-ABAF-A7A69E642B8C}.Release|Any CPU.Build.0 = Release|Any CPU
	EndGlobalSection
	GlobalSection(SolutionProperties) = preSolution
		HideSolutionNode = FALSE
	EndGlobalSection
	GlobalSection(ExtensibilityGlobals) = postSolution
		SolutionGuid = {8302921A-64C9-4BCC-8887-A7881F2AC7BB}
	EndGlobalSection
EndGlobal
